// !$*UTF8*$!
{
	archiveVersion = 1;
	classes = {
	};
	objectVersion = 55;
	objects = {

/* Begin PBXBuildFile section */
		379FE0D1F5B0C304F5E40A1A /* Pods_Datasource.framework in Frameworks */ = {isa = PBXBuildFile; fileRef = 002B262E319841AED378C4ED /* Pods_Datasource.framework */; };
		C815C62627CE1F8C0004EBAB /* TableSection.swift in Sources */ = {isa = PBXBuildFile; fileRef = C815C62527CE1F8C0004EBAB /* TableSection.swift */; };
		C815C62827CE20A90004EBAB /* CourseCellVM.swift in Sources */ = {isa = PBXBuildFile; fileRef = C815C62727CE20A90004EBAB /* CourseCellVM.swift */; };
		C815C62A27CE20B40004EBAB /* StudentCellVM.swift in Sources */ = {isa = PBXBuildFile; fileRef = C815C62927CE20B40004EBAB /* StudentCellVM.swift */; };
		C88E417F27CCE9D0002C106D /* AppDelegate.swift in Sources */ = {isa = PBXBuildFile; fileRef = C88E417E27CCE9D0002C106D /* AppDelegate.swift */; };
		C88E418127CCE9D0002C106D /* SceneDelegate.swift in Sources */ = {isa = PBXBuildFile; fileRef = C88E418027CCE9D0002C106D /* SceneDelegate.swift */; };
		C88E418327CCE9D0002C106D /* ViewController.swift in Sources */ = {isa = PBXBuildFile; fileRef = C88E418227CCE9D0002C106D /* ViewController.swift */; };
		C88E418627CCE9D0002C106D /* Main.storyboard in Resources */ = {isa = PBXBuildFile; fileRef = C88E418427CCE9D0002C106D /* Main.storyboard */; };
		C88E418827CCE9D2002C106D /* Assets.xcassets in Resources */ = {isa = PBXBuildFile; fileRef = C88E418727CCE9D2002C106D /* Assets.xcassets */; };
		C88E418B27CCE9D2002C106D /* LaunchScreen.storyboard in Resources */ = {isa = PBXBuildFile; fileRef = C88E418927CCE9D2002C106D /* LaunchScreen.storyboard */; };
		C88E419327CCECD4002C106D /* Reactive+Extension.swift in Sources */ = {isa = PBXBuildFile; fileRef = C88E419227CCECD4002C106D /* Reactive+Extension.swift */; };
		C88E419627CCEDA5002C106D /* StudentCell.swift in Sources */ = {isa = PBXBuildFile; fileRef = C88E419427CCEDA5002C106D /* StudentCell.swift */; };
		C88E419727CCEDA5002C106D /* StudentCell.xib in Resources */ = {isa = PBXBuildFile; fileRef = C88E419527CCEDA5002C106D /* StudentCell.xib */; };
		C88E419F27CCEF04002C106D /* CourseCell.swift in Sources */ = {isa = PBXBuildFile; fileRef = C88E419D27CCEF04002C106D /* CourseCell.swift */; };
		C88E41A027CCEF04002C106D /* CourseCell.xib in Resources */ = {isa = PBXBuildFile; fileRef = C88E419E27CCEF04002C106D /* CourseCell.xib */; };
		C88E41A327CCF249002C106D /* ViewModel.swift in Sources */ = {isa = PBXBuildFile; fileRef = C88E41A227CCF249002C106D /* ViewModel.swift */; };
/* End PBXBuildFile section */

/* Begin PBXFileReference section */
		002B262E319841AED378C4ED /* Pods_Datasource.framework */ = {isa = PBXFileReference; explicitFileType = wrapper.framework; includeInIndex = 0; path = Pods_Datasource.framework; sourceTree = BUILT_PRODUCTS_DIR; };
		C815C62527CE1F8C0004EBAB /* TableSection.swift */ = {isa = PBXFileReference; lastKnownFileType = sourcecode.swift; path = TableSection.swift; sourceTree = "<group>"; };
		C815C62727CE20A90004EBAB /* CourseCellVM.swift */ = {isa = PBXFileReference; lastKnownFileType = sourcecode.swift; path = CourseCellVM.swift; sourceTree = "<group>"; };
		C815C62927CE20B40004EBAB /* StudentCellVM.swift */ = {isa = PBXFileReference; lastKnownFileType = sourcecode.swift; path = StudentCellVM.swift; sourceTree = "<group>"; };
		C88E417B27CCE9D0002C106D /* Datasource.app */ = {isa = PBXFileReference; explicitFileType = wrapper.application; includeInIndex = 0; path = Datasource.app; sourceTree = BUILT_PRODUCTS_DIR; };
		C88E417E27CCE9D0002C106D /* AppDelegate.swift */ = {isa = PBXFileReference; lastKnownFileType = sourcecode.swift; path = AppDelegate.swift; sourceTree = "<group>"; };
		C88E418027CCE9D0002C106D /* SceneDelegate.swift */ = {isa = PBXFileReference; lastKnownFileType = sourcecode.swift; path = SceneDelegate.swift; sourceTree = "<group>"; };
		C88E418227CCE9D0002C106D /* ViewController.swift */ = {isa = PBXFileReference; lastKnownFileType = sourcecode.swift; path = ViewController.swift; sourceTree = "<group>"; };
		C88E418527CCE9D0002C106D /* Base */ = {isa = PBXFileReference; lastKnownFileType = file.storyboard; name = Base; path = Base.lproj/Main.storyboard; sourceTree = "<group>"; };
		C88E418727CCE9D2002C106D /* Assets.xcassets */ = {isa = PBXFileReference; lastKnownFileType = folder.assetcatalog; path = Assets.xcassets; sourceTree = "<group>"; };
		C88E418A27CCE9D2002C106D /* Base */ = {isa = PBXFileReference; lastKnownFileType = file.storyboard; name = Base; path = Base.lproj/LaunchScreen.storyboard; sourceTree = "<group>"; };
		C88E418C27CCE9D2002C106D /* Info.plist */ = {isa = PBXFileReference; lastKnownFileType = text.plist.xml; path = Info.plist; sourceTree = "<group>"; };
		C88E419227CCECD4002C106D /* Reactive+Extension.swift */ = {isa = PBXFileReference; lastKnownFileType = sourcecode.swift; path = "Reactive+Extension.swift"; sourceTree = "<group>"; };
		C88E419427CCEDA5002C106D /* StudentCell.swift */ = {isa = PBXFileReference; lastKnownFileType = sourcecode.swift; path = StudentCell.swift; sourceTree = "<group>"; };
		C88E419527CCEDA5002C106D /* StudentCell.xib */ = {isa = PBXFileReference; lastKnownFileType = file.xib; path = StudentCell.xib; sourceTree = "<group>"; };
		C88E419D27CCEF04002C106D /* CourseCell.swift */ = {isa = PBXFileReference; lastKnownFileType = sourcecode.swift; path = CourseCell.swift; sourceTree = "<group>"; };
		C88E419E27CCEF04002C106D /* CourseCell.xib */ = {isa = PBXFileReference; lastKnownFileType = file.xib; path = CourseCell.xib; sourceTree = "<group>"; };
		C88E41A227CCF249002C106D /* ViewModel.swift */ = {isa = PBXFileReference; lastKnownFileType = sourcecode.swift; path = ViewModel.swift; sourceTree = "<group>"; };
		CFE680F39BFBA79B898C1818 /* Pods-Datasource.debug.xcconfig */ = {isa = PBXFileReference; includeInIndex = 1; lastKnownFileType = text.xcconfig; name = "Pods-Datasource.debug.xcconfig"; path = "Target Support Files/Pods-Datasource/Pods-Datasource.debug.xcconfig"; sourceTree = "<group>"; };
		EF90E7DE4F576D3EDFB18B18 /* Pods-Datasource.release.xcconfig */ = {isa = PBXFileReference; includeInIndex = 1; lastKnownFileType = text.xcconfig; name = "Pods-Datasource.release.xcconfig"; path = "Target Support Files/Pods-Datasource/Pods-Datasource.release.xcconfig"; sourceTree = "<group>"; };
/* End PBXFileReference section */

/* Begin PBXFrameworksBuildPhase section */
		C88E417827CCE9D0002C106D /* Frameworks */ = {
			isa = PBXFrameworksBuildPhase;
			buildActionMask = 2147483647;
			files = (
				379FE0D1F5B0C304F5E40A1A /* Pods_Datasource.framework in Frameworks */,
			);
			runOnlyForDeploymentPostprocessing = 0;
		};
/* End PBXFrameworksBuildPhase section */

/* Begin PBXGroup section */
		089FAEE94B98128C6F23196D /* Frameworks */ = {
			isa = PBXGroup;
			children = (
				002B262E319841AED378C4ED /* Pods_Datasource.framework */,
			);
			name = Frameworks;
			sourceTree = "<group>";
		};
		5A53650F3D507E6506E17E48 /* Pods */ = {
			isa = PBXGroup;
			children = (
				CFE680F39BFBA79B898C1818 /* Pods-Datasource.debug.xcconfig */,
				EF90E7DE4F576D3EDFB18B18 /* Pods-Datasource.release.xcconfig */,
			);
			path = Pods;
			sourceTree = "<group>";
		};
		C88E417227CCE9D0002C106D = {
			isa = PBXGroup;
			children = (
				C88E417D27CCE9D0002C106D /* Datasource */,
				C88E417C27CCE9D0002C106D /* Products */,
				5A53650F3D507E6506E17E48 /* Pods */,
				089FAEE94B98128C6F23196D /* Frameworks */,
			);
			sourceTree = "<group>";
		};
		C88E417C27CCE9D0002C106D /* Products */ = {
			isa = PBXGroup;
			children = (
				C88E417B27CCE9D0002C106D /* Datasource.app */,
			);
			name = Products;
			sourceTree = "<group>";
		};
		C88E417D27CCE9D0002C106D /* Datasource */ = {
			isa = PBXGroup;
			children = (
				C88E41A127CCF217002C106D /* ViewModels */,
				C88E419A27CCEDB5002C106D /* Others */,
				C88E419927CCEDB0002C106D /* Cells */,
				C88E419827CCEDAA002C106D /* ViewControllers */,
				C88E418C27CCE9D2002C106D /* Info.plist */,
			);
			path = Datasource;
			sourceTree = "<group>";
		};
		C88E419827CCEDAA002C106D /* ViewControllers */ = {
			isa = PBXGroup;
			children = (
				C88E418227CCE9D0002C106D /* ViewController.swift */,
				C88E41A227CCF249002C106D /* ViewModel.swift */,
			);
			path = ViewControllers;
			sourceTree = "<group>";
		};
		C88E419927CCEDB0002C106D /* Cells */ = {
			isa = PBXGroup;
			children = (
				C88E419C27CCEEF3002C106D /* Student */,
				C88E419B27CCEEED002C106D /* Course */,
			);
			path = Cells;
			sourceTree = "<group>";
		};
		C88E419A27CCEDB5002C106D /* Others */ = {
			isa = PBXGroup;
			children = (
				C88E417E27CCE9D0002C106D /* AppDelegate.swift */,
				C88E418027CCE9D0002C106D /* SceneDelegate.swift */,
				C88E418427CCE9D0002C106D /* Main.storyboard */,
				C88E418727CCE9D2002C106D /* Assets.xcassets */,
				C88E418927CCE9D2002C106D /* LaunchScreen.storyboard */,
				C88E419227CCECD4002C106D /* Reactive+Extension.swift */,
			);
			path = Others;
			sourceTree = "<group>";
		};
		C88E419B27CCEEED002C106D /* Course */ = {
			isa = PBXGroup;
			children = (
				C88E419D27CCEF04002C106D /* CourseCell.swift */,
				C88E419E27CCEF04002C106D /* CourseCell.xib */,
			);
			path = Course;
			sourceTree = "<group>";
		};
		C88E419C27CCEEF3002C106D /* Student */ = {
			isa = PBXGroup;
			children = (
				C88E419427CCEDA5002C106D /* StudentCell.swift */,
				C88E419527CCEDA5002C106D /* StudentCell.xib */,
			);
			path = Student;
			sourceTree = "<group>";
		};
		C88E41A127CCF217002C106D /* ViewModels */ = {
			isa = PBXGroup;
			children = (
				C815C62527CE1F8C0004EBAB /* TableSection.swift */,
				C815C62727CE20A90004EBAB /* CourseCellVM.swift */,
				C815C62927CE20B40004EBAB /* StudentCellVM.swift */,
			);
			path = ViewModels;
			sourceTree = "<group>";
		};
/* End PBXGroup section */

/* Begin PBXNativeTarget section */
		C88E417A27CCE9D0002C106D /* Datasource */ = {
			isa = PBXNativeTarget;
			buildConfigurationList = C88E418F27CCE9D2002C106D /* Build configuration list for PBXNativeTarget "Datasource" */;
			buildPhases = (
				1465A323EFC5DA7435598533 /* [CP] Check Pods Manifest.lock */,
				C88E417727CCE9D0002C106D /* Sources */,
				C88E417827CCE9D0002C106D /* Frameworks */,
				C88E417927CCE9D0002C106D /* Resources */,
				E09551F15C0227F69ABDF22F /* [CP] Embed Pods Frameworks */,
			);
			buildRules = (
			);
			dependencies = (
			);
			name = Datasource;
			productName = Datasource;
			productReference = C88E417B27CCE9D0002C106D /* Datasource.app */;
			productType = "com.apple.product-type.application";
		};
/* End PBXNativeTarget section */

/* Begin PBXProject section */
		C88E417327CCE9D0002C106D /* Project object */ = {
			isa = PBXProject;
			attributes = {
				BuildIndependentTargetsInParallel = 1;
				LastSwiftUpdateCheck = 1310;
				LastUpgradeCheck = 1310;
				TargetAttributes = {
					C88E417A27CCE9D0002C106D = {
						CreatedOnToolsVersion = 13.1;
					};
				};
			};
			buildConfigurationList = C88E417627CCE9D0002C106D /* Build configuration list for PBXProject "Datasource" */;
			compatibilityVersion = "Xcode 13.0";
			developmentRegion = en;
			hasScannedForEncodings = 0;
			knownRegions = (
				en,
				Base,
			);
			mainGroup = C88E417227CCE9D0002C106D;
			productRefGroup = C88E417C27CCE9D0002C106D /* Products */;
			projectDirPath = "";
			projectRoot = "";
			targets = (
				C88E417A27CCE9D0002C106D /* Datasource */,
			);
		};
/* End PBXProject section */

/* Begin PBXResourcesBuildPhase section */
		C88E417927CCE9D0002C106D /* Resources */ = {
			isa = PBXResourcesBuildPhase;
			buildActionMask = 2147483647;
			files = (
				C88E418B27CCE9D2002C106D /* LaunchScreen.storyboard in Resources */,
				C88E418827CCE9D2002C106D /* Assets.xcassets in Resources */,
				C88E418627CCE9D0002C106D /* Main.storyboard in Resources */,
				C88E41A027CCEF04002C106D /* CourseCell.xib in Resources */,
				C88E419727CCEDA5002C106D /* StudentCell.xib in Resources */,
			);
			runOnlyForDeploymentPostprocessing = 0;
		};
/* End PBXResourcesBuildPhase section */

/* Begin PBXShellScriptBuildPhase section */
		1465A323EFC5DA7435598533 /* [CP] Check Pods Manifest.lock */ = {
			isa = PBXShellScriptBuildPhase;
			buildActionMask = 2147483647;
			files = (
			);
			inputFileListPaths = (
			);
			inputPaths = (
				"${PODS_PODFILE_DIR_PATH}/Podfile.lock",
				"${PODS_ROOT}/Manifest.lock",
			);
			name = "[CP] Check Pods Manifest.lock";
			outputFileListPaths = (
			);
			outputPaths = (
				"$(DERIVED_FILE_DIR)/Pods-Datasource-checkManifestLockResult.txt",
			);
			runOnlyForDeploymentPostprocessing = 0;
			shellPath = /bin/sh;
			shellScript = "diff \"${PODS_PODFILE_DIR_PATH}/Podfile.lock\" \"${PODS_ROOT}/Manifest.lock\" > /dev/null\nif [ $? != 0 ] ; then\n    # print error to STDERR\n    echo \"error: The sandbox is not in sync with the Podfile.lock. Run 'pod install' or update your CocoaPods installation.\" >&2\n    exit 1\nfi\n# This output is used by Xcode 'outputs' to avoid re-running this script phase.\necho \"SUCCESS\" > \"${SCRIPT_OUTPUT_FILE_0}\"\n";
			showEnvVarsInLog = 0;
		};
		E09551F15C0227F69ABDF22F /* [CP] Embed Pods Frameworks */ = {
			isa = PBXShellScriptBuildPhase;
			buildActionMask = 2147483647;
			files = (
			);
			inputFileListPaths = (
				"${PODS_ROOT}/Target Support Files/Pods-Datasource/Pods-Datasource-frameworks-${CONFIGURATION}-input-files.xcfilelist",
			);
			name = "[CP] Embed Pods Frameworks";
			outputFileListPaths = (
				"${PODS_ROOT}/Target Support Files/Pods-Datasource/Pods-Datasource-frameworks-${CONFIGURATION}-output-files.xcfilelist",
			);
			runOnlyForDeploymentPostprocessing = 0;
			shellPath = /bin/sh;
			shellScript = "\"${PODS_ROOT}/Target Support Files/Pods-Datasource/Pods-Datasource-frameworks.sh\"\n";
			showEnvVarsInLog = 0;
		};
/* End PBXShellScriptBuildPhase section */

/* Begin PBXSourcesBuildPhase section */
		C88E417727CCE9D0002C106D /* Sources */ = {
			isa = PBXSourcesBuildPhase;
			buildActionMask = 2147483647;
			files = (
				C88E419F27CCEF04002C106D /* CourseCell.swift in Sources */,
				C88E419627CCEDA5002C106D /* StudentCell.swift in Sources */,
				C815C62827CE20A90004EBAB /* CourseCellVM.swift in Sources */,
				C815C62627CE1F8C0004EBAB /* TableSection.swift in Sources */,
				C88E418327CCE9D0002C106D /* ViewController.swift in Sources */,
				C88E417F27CCE9D0002C106D /* AppDelegate.swift in Sources */,
				C815C62A27CE20B40004EBAB /* StudentCellVM.swift in Sources */,
				C88E419327CCECD4002C106D /* Reactive+Extension.swift in Sources */,
				C88E418127CCE9D0002C106D /* SceneDelegate.swift in Sources */,
				C88E41A327CCF249002C106D /* ViewModel.swift in Sources */,
			);
			runOnlyForDeploymentPostprocessing = 0;
		};
/* End PBXSourcesBuildPhase section */

/* Begin PBXVariantGroup section */
		C88E418427CCE9D0002C106D /* Main.storyboard */ = {
			isa = PBXVariantGroup;
			children = (
				C88E418527CCE9D0002C106D /* Base */,
			);
			name = Main.storyboard;
			sourceTree = "<group>";
		};
		C88E418927CCE9D2002C106D /* LaunchScreen.storyboard */ = {
			isa = PBXVariantGroup;
			children = (
				C88E418A27CCE9D2002C106D /* Base */,
			);
			name = LaunchScreen.storyboard;
			sourceTree = "<group>";
		};
/* End PBXVariantGroup section */

/* Begin XCBuildConfiguration section */
		C88E418D27CCE9D2002C106D /* Debug */ = {
			isa = XCBuildConfiguration;
			buildSettings = {
				ALWAYS_SEARCH_USER_PATHS = NO;
				CLANG_ANALYZER_NONNULL = YES;
				CLANG_ANALYZER_NUMBER_OBJECT_CONVERSION = YES_AGGRESSIVE;
				CLANG_CXX_LANGUAGE_STANDARD = "gnu++17";
				CLANG_CXX_LIBRARY = "libc++";
				CLANG_ENABLE_MODULES = YES;
				CLANG_ENABLE_OBJC_ARC = YES;
				CLANG_ENABLE_OBJC_WEAK = YES;
				CLANG_WARN_BLOCK_CAPTURE_AUTORELEASING = YES;
				CLANG_WARN_BOOL_CONVERSION = YES;
				CLANG_WARN_COMMA = YES;
				CLANG_WARN_CONSTANT_CONVERSION = YES;
				CLANG_WARN_DEPRECATED_OBJC_IMPLEMENTATIONS = YES;
				CLANG_WARN_DIRECT_OBJC_ISA_USAGE = YES_ERROR;
				CLANG_WARN_DOCUMENTATION_COMMENTS = YES;
				CLANG_WARN_EMPTY_BODY = YES;
				CLANG_WARN_ENUM_CONVERSION = YES;
				CLANG_WARN_INFINITE_RECURSION = YES;
				CLANG_WARN_INT_CONVERSION = YES;
				CLANG_WARN_NON_LITERAL_NULL_CONVERSION = YES;
				CLANG_WARN_OBJC_IMPLICIT_RETAIN_SELF = YES;
				CLANG_WARN_OBJC_LITERAL_CONVERSION = YES;
				CLANG_WARN_OBJC_ROOT_CLASS = YES_ERROR;
				CLANG_WARN_QUOTED_INCLUDE_IN_FRAMEWORK_HEADER = YES;
				CLANG_WARN_RANGE_LOOP_ANALYSIS = YES;
				CLANG_WARN_STRICT_PROTOTYPES = YES;
				CLANG_WARN_SUSPICIOUS_MOVE = YES;
				CLANG_WARN_UNGUARDED_AVAILABILITY = YES_AGGRESSIVE;
				CLANG_WARN_UNREACHABLE_CODE = YES;
				CLANG_WARN__DUPLICATE_METHOD_MATCH = YES;
				COPY_PHASE_STRIP = NO;
				DEBUG_INFORMATION_FORMAT = dwarf;
				ENABLE_STRICT_OBJC_MSGSEND = YES;
				ENABLE_TESTABILITY = YES;
				GCC_C_LANGUAGE_STANDARD = gnu11;
				GCC_DYNAMIC_NO_PIC = NO;
				GCC_NO_COMMON_BLOCKS = YES;
				GCC_OPTIMIZATION_LEVEL = 0;
				GCC_PREPROCESSOR_DEFINITIONS = (
					"DEBUG=1",
					"$(inherited)",
				);
				GCC_WARN_64_TO_32_BIT_CONVERSION = YES;
				GCC_WARN_ABOUT_RETURN_TYPE = YES_ERROR;
				GCC_WARN_UNDECLARED_SELECTOR = YES;
				GCC_WARN_UNINITIALIZED_AUTOS = YES_AGGRESSIVE;
				GCC_WARN_UNUSED_FUNCTION = YES;
				GCC_WARN_UNUSED_VARIABLE = YES;
				IPHONEOS_DEPLOYMENT_TARGET = 15.0;
				MTL_ENABLE_DEBUG_INFO = INCLUDE_SOURCE;
				MTL_FAST_MATH = YES;
				ONLY_ACTIVE_ARCH = YES;
				SDKROOT = iphoneos;
				SWIFT_ACTIVE_COMPILATION_CONDITIONS = DEBUG;
				SWIFT_OPTIMIZATION_LEVEL = "-Onone";
			};
			name = Debug;
		};
		C88E418E27CCE9D2002C106D /* Release */ = {
			isa = XCBuildConfiguration;
			buildSettings = {
				ALWAYS_SEARCH_USER_PATHS = NO;
				CLANG_ANALYZER_NONNULL = YES;
				CLANG_ANALYZER_NUMBER_OBJECT_CONVERSION = YES_AGGRESSIVE;
				CLANG_CXX_LANGUAGE_STANDARD = "gnu++17";
				CLANG_CXX_LIBRARY = "libc++";
				CLANG_ENABLE_MODULES = YES;
				CLANG_ENABLE_OBJC_ARC = YES;
				CLANG_ENABLE_OBJC_WEAK = YES;
				CLANG_WARN_BLOCK_CAPTURE_AUTORELEASING = YES;
				CLANG_WARN_BOOL_CONVERSION = YES;
				CLANG_WARN_COMMA = YES;
				CLANG_WARN_CONSTANT_CONVERSION = YES;
				CLANG_WARN_DEPRECATED_OBJC_IMPLEMENTATIONS = YES;
				CLANG_WARN_DIRECT_OBJC_ISA_USAGE = YES_ERROR;
				CLANG_WARN_DOCUMENTATION_COMMENTS = YES;
				CLANG_WARN_EMPTY_BODY = YES;
				CLANG_WARN_ENUM_CONVERSION = YES;
				CLANG_WARN_INFINITE_RECURSION = YES;
				CLANG_WARN_INT_CONVERSION = YES;
				CLANG_WARN_NON_LITERAL_NULL_CONVERSION = YES;
				CLANG_WARN_OBJC_IMPLICIT_RETAIN_SELF = YES;
				CLANG_WARN_OBJC_LITERAL_CONVERSION = YES;
				CLANG_WARN_OBJC_ROOT_CLASS = YES_ERROR;
				CLANG_WARN_QUOTED_INCLUDE_IN_FRAMEWORK_HEADER = YES;
				CLANG_WARN_RANGE_LOOP_ANALYSIS = YES;
				CLANG_WARN_STRICT_PROTOTYPES = YES;
				CLANG_WARN_SUSPICIOUS_MOVE = YES;
				CLANG_WARN_UNGUARDED_AVAILABILITY = YES_AGGRESSIVE;
				CLANG_WARN_UNREACHABLE_CODE = YES;
				CLANG_WARN__DUPLICATE_METHOD_MATCH = YES;
				COPY_PHASE_STRIP = NO;
				DEBUG_INFORMATION_FORMAT = "dwarf-with-dsym";
				ENABLE_NS_ASSERTIONS = NO;
				ENABLE_STRICT_OBJC_MSGSEND = YES;
				GCC_C_LANGUAGE_STANDARD = gnu11;
				GCC_NO_COMMON_BLOCKS = YES;
				GCC_WARN_64_TO_32_BIT_CONVERSION = YES;
				GCC_WARN_ABOUT_RETURN_TYPE = YES_ERROR;
				GCC_WARN_UNDECLARED_SELECTOR = YES;
				GCC_WARN_UNINITIALIZED_AUTOS = YES_AGGRESSIVE;
				GCC_WARN_UNUSED_FUNCTION = YES;
				GCC_WARN_UNUSED_VARIABLE = YES;
				IPHONEOS_DEPLOYMENT_TARGET = 15.0;
				MTL_ENABLE_DEBUG_INFO = NO;
				MTL_FAST_MATH = YES;
				SDKROOT = iphoneos;
				SWIFT_COMPILATION_MODE = wholemodule;
				SWIFT_OPTIMIZATION_LEVEL = "-O";
				VALIDATE_PRODUCT = YES;
			};
			name = Release;
		};
		C88E419027CCE9D2002C106D /* Debug */ = {
			isa = XCBuildConfiguration;
			baseConfigurationReference = CFE680F39BFBA79B898C1818 /* Pods-Datasource.debug.xcconfig */;
			buildSettings = {
				ASSETCATALOG_COMPILER_APPICON_NAME = AppIcon;
				ASSETCATALOG_COMPILER_GLOBAL_ACCENT_COLOR_NAME = AccentColor;
				CODE_SIGN_STYLE = Automatic;
				CURRENT_PROJECT_VERSION = 1;
				DEVELOPMENT_TEAM = 3LGZY3S9Q5;
				GENERATE_INFOPLIST_FILE = YES;
				INFOPLIST_FILE = Datasource/Info.plist;
				INFOPLIST_KEY_UIApplicationSupportsIndirectInputEvents = YES;
				INFOPLIST_KEY_UILaunchStoryboardName = LaunchScreen;
				INFOPLIST_KEY_UIMainStoryboardFile = Main;
				INFOPLIST_KEY_UISupportedInterfaceOrientations_iPad = "UIInterfaceOrientationPortrait UIInterfaceOrientationPortraitUpsideDown UIInterfaceOrientationLandscapeLeft UIInterfaceOrientationLandscapeRight";
				INFOPLIST_KEY_UISupportedInterfaceOrientations_iPhone = "UIInterfaceOrientationPortrait UIInterfaceOrientationLandscapeLeft UIInterfaceOrientationLandscapeRight";
				LD_RUNPATH_SEARCH_PATHS = (
					"$(inherited)",
					"@executable_path/Frameworks",
				);
				MARKETING_VERSION = 1.0;
				PRODUCT_BUNDLE_IDENTIFIER = com.kyaw.Datasource;
				PRODUCT_NAME = "$(TARGET_NAME)";
				SWIFT_EMIT_LOC_STRINGS = YES;
				SWIFT_VERSION = 5.0;
				TARGETED_DEVICE_FAMILY = "1,2";
			};
			name = Debug;
		};
		C88E419127CCE9D2002C106D /* Release */ = {
			isa = XCBuildConfiguration;
			baseConfigurationReference = EF90E7DE4F576D3EDFB18B18 /* Pods-Datasource.release.xcconfig */;
			buildSettings = {
				ASSETCATALOG_COMPILER_APPICON_NAME = AppIcon;
				ASSETCATALOG_COMPILER_GLOBAL_ACCENT_COLOR_NAME = AccentColor;
				CODE_SIGN_STYLE = Automatic;
				CURRENT_PROJECT_VERSION = 1;
				DEVELOPMENT_TEAM = 3LGZY3S9Q5;
				GENERATE_INFOPLIST_FILE = YES;
				INFOPLIST_FILE = Datasource/Info.plist;
				INFOPLIST_KEY_UIApplicationSupportsIndirectInputEvents = YES;
				INFOPLIST_KEY_UILaunchStoryboardName = LaunchScreen;
				INFOPLIST_KEY_UIMainStoryboardFile = Main;
				INFOPLIST_KEY_UISupportedInterfaceOrientations_iPad = "UIInterfaceOrientationPortrait UIInterfaceOrientationPortraitUpsideDown UIInterfaceOrientationLandscapeLeft UIInterfaceOrientationLandscapeRight";
				INFOPLIST_KEY_UISupportedInterfaceOrientations_iPhone = "UIInterfaceOrientationPortrait UIInterfaceOrientationLandscapeLeft UIInterfaceOrientationLandscapeRight";
				LD_RUNPATH_SEARCH_PATHS = (
					"$(inherited)",
					"@executable_path/Frameworks",
				);
				MARKETING_VERSION = 1.0;
				PRODUCT_BUNDLE_IDENTIFIER = com.kyaw.Datasource;
				PRODUCT_NAME = "$(TARGET_NAME)";
				SWIFT_EMIT_LOC_STRINGS = YES;
				SWIFT_VERSION = 5.0;
				TARGETED_DEVICE_FAMILY = "1,2";
			};
			name = Release;
		};
/* End XCBuildConfiguration section */

/* Begin XCConfigurationList section */
		C88E417627CCE9D0002C106D /* Build configuration list for PBXProject "Datasource" */ = {
			isa = XCConfigurationList;
			buildConfigurations = (
				C88E418D27CCE9D2002C106D /* Debug */,
				C88E418E27CCE9D2002C106D /* Release */,
			);
			defaultConfigurationIsVisible = 0;
			defaultConfigurationName = Release;
		};
		C88E418F27CCE9D2002C106D /* Build configuration list for PBXNativeTarget "Datasource" */ = {
			isa = XCConfigurationList;
			buildConfigurations = (
				C88E419027CCE9D2002C106D /* Debug */,
				C88E419127CCE9D2002C106D /* Release */,
			);
			defaultConfigurationIsVisible = 0;
			defaultConfigurationName = Release;
		};
/* End XCConfigurationList section */
	};
	rootObject = C88E417327CCE9D0002C106D /* Project object */;
}
